// !$*UTF8*$!
{
	archiveVersion = 1;
	classes = {
	};
	objectVersion = 56;
	objects = {

/* Begin PBXBuildFile section */
		13719FEE2BE4BBDA0059ED22 /* ManageAvailabilityView.swift in Sources */ = {isa = PBXBuildFile; fileRef = 13719FED2BE4BBDA0059ED22 /* ManageAvailabilityView.swift */; };
		137721442BE72B5100857F25 /* PatientInfoView.swift in Sources */ = {isa = PBXBuildFile; fileRef = 137721432BE72B5100857F25 /* PatientInfoView.swift */; };
		139D722D2BE3A18700300EEA /* dateModel.swift in Sources */ = {isa = PBXBuildFile; fileRef = 139D722C2BE3A18700300EEA /* dateModel.swift */; };
		139D722F2BE3F39F00300EEA /* appointmentModel.swift in Sources */ = {isa = PBXBuildFile; fileRef = 139D722E2BE3F39F00300EEA /* appointmentModel.swift */; };
		139D72312BE407F500300EEA /* PatientDetailsView.swift in Sources */ = {isa = PBXBuildFile; fileRef = 139D72302BE407F500300EEA /* PatientDetailsView.swift */; };
		4762BFC02BE8A19B00845B96 /* Prescription_Model.swift in Sources */ = {isa = PBXBuildFile; fileRef = 4762BFBF2BE8A19B00845B96 /* Prescription_Model.swift */; };
		4762BFC22BE8A1B600845B96 /* Prescription_Viewmodel.swift in Sources */ = {isa = PBXBuildFile; fileRef = 4762BFC12BE8A1B600845B96 /* Prescription_Viewmodel.swift */; };
		4762BFC42BE8A1FD00845B96 /* Presc_Input.swift in Sources */ = {isa = PBXBuildFile; fileRef = 4762BFC32BE8A1FD00845B96 /* Presc_Input.swift */; };
		4762BFEA2BEA37C100845B96 /* AnnouncementView.swift in Sources */ = {isa = PBXBuildFile; fileRef = 4762BFE92BEA37C100845B96 /* AnnouncementView.swift */; };
		48806FFC2BE4B760006CF917 /* appointView.swift in Sources */ = {isa = PBXBuildFile; fileRef = 48806FFB2BE4B75F006CF917 /* appointView.swift */; };
		4890D4272BE0D91500EF8750 /* HomepageComplete.swift in Sources */ = {isa = PBXBuildFile; fileRef = 4890D4262BE0D91500EF8750 /* HomepageComplete.swift */; };
		4890D42A2BE0D96E00EF8750 /* ProfilePage.swift in Sources */ = {isa = PBXBuildFile; fileRef = 4890D4292BE0D96E00EF8750 /* ProfilePage.swift */; };
		4890D42C2BE0D99000EF8750 /* newPassword.swift in Sources */ = {isa = PBXBuildFile; fileRef = 4890D42B2BE0D99000EF8750 /* newPassword.swift */; };
		4890D42E2BE0D99E00EF8750 /* doctorDetails.swift in Sources */ = {isa = PBXBuildFile; fileRef = 4890D42D2BE0D99E00EF8750 /* doctorDetails.swift */; };
		4890D4302BE0DA9300EF8750 /* Doctor_Model.swift in Sources */ = {isa = PBXBuildFile; fileRef = 4890D42F2BE0DA9300EF8750 /* Doctor_Model.swift */; };
		4890D4322BE0DAB800EF8750 /* ImagePicker.swift in Sources */ = {isa = PBXBuildFile; fileRef = 4890D4312BE0DAB800EF8750 /* ImagePicker.swift */; };
		4890D4342BE0DAC500EF8750 /* DoctorViewModel.swift in Sources */ = {isa = PBXBuildFile; fileRef = 4890D4332BE0DAC500EF8750 /* DoctorViewModel.swift */; };
		4890D4362BE0DAD400EF8750 /* DoctorEdit.swift in Sources */ = {isa = PBXBuildFile; fileRef = 4890D4352BE0DAD400EF8750 /* DoctorEdit.swift */; };
		48D525122BD90D9B00E22746 /* FirebaseFunctions in Frameworks */ = {isa = PBXBuildFile; productRef = 48D525112BD90D9B00E22746 /* FirebaseFunctions */; };
		48EB950A2BE889A50076DFE4 /* PatientDetails.swift in Sources */ = {isa = PBXBuildFile; fileRef = 48EB95092BE889A50076DFE4 /* PatientDetails.swift */; };
		48EB950D2BE8BF060076DFE4 /* DoctorListView.swift in Sources */ = {isa = PBXBuildFile; fileRef = 48EB950C2BE8BF060076DFE4 /* DoctorListView.swift */; };
		DF6B2EB22BD58D0500FAD930 /* User.swift in Sources */ = {isa = PBXBuildFile; fileRef = DF6B2EB12BD58D0500FAD930 /* User.swift */; };
		DF6B2EB62BD58D3C00FAD930 /* UserDetails.swift in Sources */ = {isa = PBXBuildFile; fileRef = DF6B2EB52BD58D3C00FAD930 /* UserDetails.swift */; };
		DF6B2EBD2BD58E2A00FAD930 /* appFonts.swift in Sources */ = {isa = PBXBuildFile; fileRef = DF6B2EBC2BD58E2A00FAD930 /* appFonts.swift */; };
		DF6B2EC92BD597B300FAD930 /* Homepage.swift in Sources */ = {isa = PBXBuildFile; fileRef = DF6B2EC82BD597B300FAD930 /* Homepage.swift */; };
		DF6B2ECB2BD597E200FAD930 /* AuthViewModel.swift in Sources */ = {isa = PBXBuildFile; fileRef = DF6B2ECA2BD597E200FAD930 /* AuthViewModel.swift */; };
		DF6B2ECD2BD5996200FAD930 /* signUpView.swift in Sources */ = {isa = PBXBuildFile; fileRef = DF6B2ECC2BD5996200FAD930 /* signUpView.swift */; };
		DF6B2ECF2BD5998300FAD930 /* loginView.swift in Sources */ = {isa = PBXBuildFile; fileRef = DF6B2ECE2BD5998300FAD930 /* loginView.swift */; };
		DF6B2ED12BD59B7700FAD930 /* ProfileInputView.swift in Sources */ = {isa = PBXBuildFile; fileRef = DF6B2ED02BD59B7700FAD930 /* ProfileInputView.swift */; };
		DFC22C582BD268FE00B2AD68 /* Doctor_HMSApp.swift in Sources */ = {isa = PBXBuildFile; fileRef = DFC22C572BD268FE00B2AD68 /* Doctor_HMSApp.swift */; };
		DFC22C5A2BD268FE00B2AD68 /* ContentView.swift in Sources */ = {isa = PBXBuildFile; fileRef = DFC22C592BD268FE00B2AD68 /* ContentView.swift */; };
		DFC22C5C2BD268FF00B2AD68 /* Assets.xcassets in Resources */ = {isa = PBXBuildFile; fileRef = DFC22C5B2BD268FF00B2AD68 /* Assets.xcassets */; };
		DFC22C602BD268FF00B2AD68 /* Preview Assets.xcassets in Resources */ = {isa = PBXBuildFile; fileRef = DFC22C5F2BD268FF00B2AD68 /* Preview Assets.xcassets */; };
		DFC22C6A2BD268FF00B2AD68 /* Doctor_HMSTests.swift in Sources */ = {isa = PBXBuildFile; fileRef = DFC22C692BD268FF00B2AD68 /* Doctor_HMSTests.swift */; };
		DFC22C742BD268FF00B2AD68 /* Doctor_HMSUITests.swift in Sources */ = {isa = PBXBuildFile; fileRef = DFC22C732BD268FF00B2AD68 /* Doctor_HMSUITests.swift */; };
		DFC22C762BD268FF00B2AD68 /* Doctor_HMSUITestsLaunchTests.swift in Sources */ = {isa = PBXBuildFile; fileRef = DFC22C752BD268FF00B2AD68 /* Doctor_HMSUITestsLaunchTests.swift */; };
		DFC22C852BD2698F00B2AD68 /* GoogleService-Info.plist in Resources */ = {isa = PBXBuildFile; fileRef = DFC22C842BD2698F00B2AD68 /* GoogleService-Info.plist */; };
		DFC22C892BD26A0000B2AD68 /* FirebaseAnalyticsSwift in Frameworks */ = {isa = PBXBuildFile; productRef = DFC22C882BD26A0000B2AD68 /* FirebaseAnalyticsSwift */; };
		DFC22C8B2BD26A0000B2AD68 /* FirebaseAuth in Frameworks */ = {isa = PBXBuildFile; productRef = DFC22C8A2BD26A0000B2AD68 /* FirebaseAuth */; };
		DFC22C8D2BD26A0000B2AD68 /* FirebaseDatabase in Frameworks */ = {isa = PBXBuildFile; productRef = DFC22C8C2BD26A0000B2AD68 /* FirebaseDatabase */; };
		DFC22C8F2BD26A0000B2AD68 /* FirebaseDatabaseSwift in Frameworks */ = {isa = PBXBuildFile; productRef = DFC22C8E2BD26A0000B2AD68 /* FirebaseDatabaseSwift */; };
		DFC22C912BD26A0000B2AD68 /* FirebaseFirestore in Frameworks */ = {isa = PBXBuildFile; productRef = DFC22C902BD26A0000B2AD68 /* FirebaseFirestore */; };
		DFC22C932BD26A0000B2AD68 /* FirebaseFirestoreSwift in Frameworks */ = {isa = PBXBuildFile; productRef = DFC22C922BD26A0000B2AD68 /* FirebaseFirestoreSwift */; };
		DFC22C952BD26A0000B2AD68 /* FirebaseMessaging in Frameworks */ = {isa = PBXBuildFile; productRef = DFC22C942BD26A0000B2AD68 /* FirebaseMessaging */; };
		DFC22C972BD26A0000B2AD68 /* FirebaseStorage in Frameworks */ = {isa = PBXBuildFile; productRef = DFC22C962BD26A0000B2AD68 /* FirebaseStorage */; };
/* End PBXBuildFile section */

/* Begin PBXContainerItemProxy section */
		DFC22C662BD268FF00B2AD68 /* PBXContainerItemProxy */ = {
			isa = PBXContainerItemProxy;
			containerPortal = DFC22C4C2BD268FE00B2AD68 /* Project object */;
			proxyType = 1;
			remoteGlobalIDString = DFC22C532BD268FE00B2AD68;
			remoteInfo = Doctor_HMS;
		};
		DFC22C702BD268FF00B2AD68 /* PBXContainerItemProxy */ = {
			isa = PBXContainerItemProxy;
			containerPortal = DFC22C4C2BD268FE00B2AD68 /* Project object */;
			proxyType = 1;
			remoteGlobalIDString = DFC22C532BD268FE00B2AD68;
			remoteInfo = Doctor_HMS;
		};
/* End PBXContainerItemProxy section */

/* Begin PBXFileReference section */
		13719FED2BE4BBDA0059ED22 /* ManageAvailabilityView.swift */ = {isa = PBXFileReference; lastKnownFileType = sourcecode.swift; path = ManageAvailabilityView.swift; sourceTree = "<group>"; };
		137721432BE72B5100857F25 /* PatientInfoView.swift */ = {isa = PBXFileReference; lastKnownFileType = sourcecode.swift; path = PatientInfoView.swift; sourceTree = "<group>"; };
		139D722C2BE3A18700300EEA /* dateModel.swift */ = {isa = PBXFileReference; lastKnownFileType = sourcecode.swift; path = dateModel.swift; sourceTree = "<group>"; };
		139D722E2BE3F39F00300EEA /* appointmentModel.swift */ = {isa = PBXFileReference; lastKnownFileType = sourcecode.swift; path = appointmentModel.swift; sourceTree = "<group>"; };
		139D72302BE407F500300EEA /* PatientDetailsView.swift */ = {isa = PBXFileReference; lastKnownFileType = sourcecode.swift; path = PatientDetailsView.swift; sourceTree = "<group>"; };
		4762BFBF2BE8A19B00845B96 /* Prescription_Model.swift */ = {isa = PBXFileReference; lastKnownFileType = sourcecode.swift; path = Prescription_Model.swift; sourceTree = "<group>"; };
		4762BFC12BE8A1B600845B96 /* Prescription_Viewmodel.swift */ = {isa = PBXFileReference; lastKnownFileType = sourcecode.swift; path = Prescription_Viewmodel.swift; sourceTree = "<group>"; };
		4762BFC32BE8A1FD00845B96 /* Presc_Input.swift */ = {isa = PBXFileReference; lastKnownFileType = sourcecode.swift; path = Presc_Input.swift; sourceTree = "<group>"; };
		4762BFE92BEA37C100845B96 /* AnnouncementView.swift */ = {isa = PBXFileReference; lastKnownFileType = sourcecode.swift; path = AnnouncementView.swift; sourceTree = "<group>"; };
		48806FFB2BE4B75F006CF917 /* appointView.swift */ = {isa = PBXFileReference; lastKnownFileType = sourcecode.swift; path = appointView.swift; sourceTree = "<group>"; };
		4890D4262BE0D91500EF8750 /* HomepageComplete.swift */ = {isa = PBXFileReference; lastKnownFileType = sourcecode.swift; path = HomepageComplete.swift; sourceTree = "<group>"; };
		4890D4292BE0D96E00EF8750 /* ProfilePage.swift */ = {isa = PBXFileReference; lastKnownFileType = sourcecode.swift; path = ProfilePage.swift; sourceTree = "<group>"; };
		4890D42B2BE0D99000EF8750 /* newPassword.swift */ = {isa = PBXFileReference; lastKnownFileType = sourcecode.swift; path = newPassword.swift; sourceTree = "<group>"; };
		4890D42D2BE0D99E00EF8750 /* doctorDetails.swift */ = {isa = PBXFileReference; lastKnownFileType = sourcecode.swift; path = doctorDetails.swift; sourceTree = "<group>"; };
		4890D42F2BE0DA9300EF8750 /* Doctor_Model.swift */ = {isa = PBXFileReference; lastKnownFileType = sourcecode.swift; path = Doctor_Model.swift; sourceTree = "<group>"; };
		4890D4312BE0DAB800EF8750 /* ImagePicker.swift */ = {isa = PBXFileReference; lastKnownFileType = sourcecode.swift; path = ImagePicker.swift; sourceTree = "<group>"; };
		4890D4332BE0DAC500EF8750 /* DoctorViewModel.swift */ = {isa = PBXFileReference; lastKnownFileType = sourcecode.swift; path = DoctorViewModel.swift; sourceTree = "<group>"; };
		4890D4352BE0DAD400EF8750 /* DoctorEdit.swift */ = {isa = PBXFileReference; lastKnownFileType = sourcecode.swift; path = DoctorEdit.swift; sourceTree = "<group>"; };
		48EB95092BE889A50076DFE4 /* PatientDetails.swift */ = {isa = PBXFileReference; lastKnownFileType = sourcecode.swift; path = PatientDetails.swift; sourceTree = "<group>"; };
		48EB950C2BE8BF060076DFE4 /* DoctorListView.swift */ = {isa = PBXFileReference; lastKnownFileType = sourcecode.swift; path = DoctorListView.swift; sourceTree = "<group>"; };
		DF6B2EB12BD58D0500FAD930 /* User.swift */ = {isa = PBXFileReference; lastKnownFileType = sourcecode.swift; path = User.swift; sourceTree = "<group>"; };
		DF6B2EB52BD58D3C00FAD930 /* UserDetails.swift */ = {isa = PBXFileReference; lastKnownFileType = sourcecode.swift; path = UserDetails.swift; sourceTree = "<group>"; };
		DF6B2EBC2BD58E2A00FAD930 /* appFonts.swift */ = {isa = PBXFileReference; lastKnownFileType = sourcecode.swift; path = appFonts.swift; sourceTree = "<group>"; };
		DF6B2EC82BD597B300FAD930 /* Homepage.swift */ = {isa = PBXFileReference; lastKnownFileType = sourcecode.swift; path = Homepage.swift; sourceTree = "<group>"; };
		DF6B2ECA2BD597E200FAD930 /* AuthViewModel.swift */ = {isa = PBXFileReference; lastKnownFileType = sourcecode.swift; path = AuthViewModel.swift; sourceTree = "<group>"; };
		DF6B2ECC2BD5996200FAD930 /* signUpView.swift */ = {isa = PBXFileReference; lastKnownFileType = sourcecode.swift; path = signUpView.swift; sourceTree = "<group>"; };
		DF6B2ECE2BD5998300FAD930 /* loginView.swift */ = {isa = PBXFileReference; lastKnownFileType = sourcecode.swift; path = loginView.swift; sourceTree = "<group>"; };
		DF6B2ED02BD59B7700FAD930 /* ProfileInputView.swift */ = {isa = PBXFileReference; lastKnownFileType = sourcecode.swift; path = ProfileInputView.swift; sourceTree = "<group>"; };
		DFC22C542BD268FE00B2AD68 /* Doctor_HMS.app */ = {isa = PBXFileReference; explicitFileType = wrapper.application; includeInIndex = 0; path = Doctor_HMS.app; sourceTree = BUILT_PRODUCTS_DIR; };
		DFC22C572BD268FE00B2AD68 /* Doctor_HMSApp.swift */ = {isa = PBXFileReference; lastKnownFileType = sourcecode.swift; path = Doctor_HMSApp.swift; sourceTree = "<group>"; };
		DFC22C592BD268FE00B2AD68 /* ContentView.swift */ = {isa = PBXFileReference; lastKnownFileType = sourcecode.swift; path = ContentView.swift; sourceTree = "<group>"; };
		DFC22C5B2BD268FF00B2AD68 /* Assets.xcassets */ = {isa = PBXFileReference; lastKnownFileType = folder.assetcatalog; path = Assets.xcassets; sourceTree = "<group>"; };
		DFC22C5D2BD268FF00B2AD68 /* Doctor_HMS.entitlements */ = {isa = PBXFileReference; lastKnownFileType = text.plist.entitlements; path = Doctor_HMS.entitlements; sourceTree = "<group>"; };
		DFC22C5F2BD268FF00B2AD68 /* Preview Assets.xcassets */ = {isa = PBXFileReference; lastKnownFileType = folder.assetcatalog; path = "Preview Assets.xcassets"; sourceTree = "<group>"; };
		DFC22C652BD268FF00B2AD68 /* Doctor_HMSTests.xctest */ = {isa = PBXFileReference; explicitFileType = wrapper.cfbundle; includeInIndex = 0; path = Doctor_HMSTests.xctest; sourceTree = BUILT_PRODUCTS_DIR; };
		DFC22C692BD268FF00B2AD68 /* Doctor_HMSTests.swift */ = {isa = PBXFileReference; lastKnownFileType = sourcecode.swift; path = Doctor_HMSTests.swift; sourceTree = "<group>"; };
		DFC22C6F2BD268FF00B2AD68 /* Doctor_HMSUITests.xctest */ = {isa = PBXFileReference; explicitFileType = wrapper.cfbundle; includeInIndex = 0; path = Doctor_HMSUITests.xctest; sourceTree = BUILT_PRODUCTS_DIR; };
		DFC22C732BD268FF00B2AD68 /* Doctor_HMSUITests.swift */ = {isa = PBXFileReference; lastKnownFileType = sourcecode.swift; path = Doctor_HMSUITests.swift; sourceTree = "<group>"; };
		DFC22C752BD268FF00B2AD68 /* Doctor_HMSUITestsLaunchTests.swift */ = {isa = PBXFileReference; lastKnownFileType = sourcecode.swift; path = Doctor_HMSUITestsLaunchTests.swift; sourceTree = "<group>"; };
		DFC22C842BD2698F00B2AD68 /* GoogleService-Info.plist */ = {isa = PBXFileReference; fileEncoding = 4; lastKnownFileType = text.plist.xml; path = "GoogleService-Info.plist"; sourceTree = "<group>"; };
/* End PBXFileReference section */

/* Begin PBXFrameworksBuildPhase section */
		DFC22C512BD268FE00B2AD68 /* Frameworks */ = {
			isa = PBXFrameworksBuildPhase;
			buildActionMask = 2147483647;
			files = (
				DFC22C8F2BD26A0000B2AD68 /* FirebaseDatabaseSwift in Frameworks */,
				DFC22C8D2BD26A0000B2AD68 /* FirebaseDatabase in Frameworks */,
				DFC22C952BD26A0000B2AD68 /* FirebaseMessaging in Frameworks */,
				48D525122BD90D9B00E22746 /* FirebaseFunctions in Frameworks */,
				DFC22C892BD26A0000B2AD68 /* FirebaseAnalyticsSwift in Frameworks */,
				DFC22C912BD26A0000B2AD68 /* FirebaseFirestore in Frameworks */,
				DFC22C972BD26A0000B2AD68 /* FirebaseStorage in Frameworks */,
				DFC22C8B2BD26A0000B2AD68 /* FirebaseAuth in Frameworks */,
				DFC22C932BD26A0000B2AD68 /* FirebaseFirestoreSwift in Frameworks */,
			);
			runOnlyForDeploymentPostprocessing = 0;
		};
		DFC22C622BD268FF00B2AD68 /* Frameworks */ = {
			isa = PBXFrameworksBuildPhase;
			buildActionMask = 2147483647;
			files = (
			);
			runOnlyForDeploymentPostprocessing = 0;
		};
		DFC22C6C2BD268FF00B2AD68 /* Frameworks */ = {
			isa = PBXFrameworksBuildPhase;
			buildActionMask = 2147483647;
			files = (
			);
			runOnlyForDeploymentPostprocessing = 0;
		};
/* End PBXFrameworksBuildPhase section */

/* Begin PBXGroup section */
		139D722B2BE3A16F00300EEA /* Models */ = {
			isa = PBXGroup;
			children = (
				139D722C2BE3A18700300EEA /* dateModel.swift */,
				139D722E2BE3F39F00300EEA /* appointmentModel.swift */,
			);
			path = Models;
			sourceTree = "<group>";
		};
		4762BFBE2BE8A11400845B96 /* Prescription Upload */ = {
			isa = PBXGroup;
			children = (
				4762BFBF2BE8A19B00845B96 /* Prescription_Model.swift */,
				4762BFC12BE8A1B600845B96 /* Prescription_Viewmodel.swift */,
				4762BFC32BE8A1FD00845B96 /* Presc_Input.swift */,
			);
			path = "Prescription Upload";
			sourceTree = "<group>";
		};
		4762BFE82BEA37AB00845B96 /* Announcement */ = {
			isa = PBXGroup;
			children = (
				4762BFE92BEA37C100845B96 /* AnnouncementView.swift */,
			);
			path = Announcement;
			sourceTree = "<group>";
		};
		48806FFA2BE4B700006CF917 /* Appointment */ = {
			isa = PBXGroup;
			children = (
				48806FFB2BE4B75F006CF917 /* appointView.swift */,
			);
			path = Appointment;
			sourceTree = "<group>";
		};
		4890D4282BE0D95000EF8750 /* ProfileDetail */ = {
			isa = PBXGroup;
			children = (
				4890D4292BE0D96E00EF8750 /* ProfilePage.swift */,
				4890D42B2BE0D99000EF8750 /* newPassword.swift */,
				4890D42D2BE0D99E00EF8750 /* doctorDetails.swift */,
				4890D42F2BE0DA9300EF8750 /* Doctor_Model.swift */,
				4890D4312BE0DAB800EF8750 /* ImagePicker.swift */,
				4890D4352BE0DAD400EF8750 /* DoctorEdit.swift */,
				4890D4332BE0DAC500EF8750 /* DoctorViewModel.swift */,
			);
			path = ProfileDetail;
			sourceTree = "<group>";
		};
		48EB95082BE889950076DFE4 /* PatientInformation */ = {
			isa = PBXGroup;
			children = (
				48EB95092BE889A50076DFE4 /* PatientDetails.swift */,
			);
			path = PatientInformation;
			sourceTree = "<group>";
		};
		48EB950B2BE8BED50076DFE4 /* DoctorInformation */ = {
			isa = PBXGroup;
			children = (
				48EB950C2BE8BF060076DFE4 /* DoctorListView.swift */,
			);
			path = DoctorInformation;
			sourceTree = "<group>";
		};
		DF6B2EAE2BD58CDF00FAD930 /* Authentication */ = {
			isa = PBXGroup;
			children = (
				DF6B2EB12BD58D0500FAD930 /* User.swift */,
				DF6B2EB52BD58D3C00FAD930 /* UserDetails.swift */,
				DF6B2ECA2BD597E200FAD930 /* AuthViewModel.swift */,
				DF6B2ECC2BD5996200FAD930 /* signUpView.swift */,
				DF6B2ED02BD59B7700FAD930 /* ProfileInputView.swift */,
				DF6B2ECE2BD5998300FAD930 /* loginView.swift */,
			);
			path = Authentication;
			sourceTree = "<group>";
		};
		DFC22C4B2BD268FE00B2AD68 = {
			isa = PBXGroup;
			children = (
				DFC22C562BD268FE00B2AD68 /* Doctor_HMS */,
				DFC22C682BD268FF00B2AD68 /* Doctor_HMSTests */,
				DFC22C722BD268FF00B2AD68 /* Doctor_HMSUITests */,
				DFC22C552BD268FE00B2AD68 /* Products */,
				DFC22C872BD26A0000B2AD68 /* Frameworks */,
			);
			sourceTree = "<group>";
		};
		DFC22C552BD268FE00B2AD68 /* Products */ = {
			isa = PBXGroup;
			children = (
				DFC22C542BD268FE00B2AD68 /* Doctor_HMS.app */,
				DFC22C652BD268FF00B2AD68 /* Doctor_HMSTests.xctest */,
				DFC22C6F2BD268FF00B2AD68 /* Doctor_HMSUITests.xctest */,
			);
			name = Products;
			sourceTree = "<group>";
		};
		DFC22C562BD268FE00B2AD68 /* Doctor_HMS */ = {
			isa = PBXGroup;
			children = (
				4762BFE82BEA37AB00845B96 /* Announcement */,
				4762BFBE2BE8A11400845B96 /* Prescription Upload */,
				139D722B2BE3A16F00300EEA /* Models */,
				DFC22C842BD2698F00B2AD68 /* GoogleService-Info.plist */,
				DF6B2EBC2BD58E2A00FAD930 /* appFonts.swift */,
				DFC22C572BD268FE00B2AD68 /* Doctor_HMSApp.swift */,
				DFC22C592BD268FE00B2AD68 /* ContentView.swift */,
				DF6B2EC82BD597B300FAD930 /* Homepage.swift */,
				13719FED2BE4BBDA0059ED22 /* ManageAvailabilityView.swift */,
				137721432BE72B5100857F25 /* PatientInfoView.swift */,
				4890D4262BE0D91500EF8750 /* HomepageComplete.swift */,
				48EB950B2BE8BED50076DFE4 /* DoctorInformation */,
				48EB95082BE889950076DFE4 /* PatientInformation */,
				48806FFA2BE4B700006CF917 /* Appointment */,
				4890D4282BE0D95000EF8750 /* ProfileDetail */,
				DF6B2EAE2BD58CDF00FAD930 /* Authentication */,
				DFC22C5B2BD268FF00B2AD68 /* Assets.xcassets */,
				DFC22C5D2BD268FF00B2AD68 /* Doctor_HMS.entitlements */,
				DFC22C5E2BD268FF00B2AD68 /* Preview Content */,
				139D72302BE407F500300EEA /* PatientDetailsView.swift */,
			);
			path = Doctor_HMS;
			sourceTree = "<group>";
		};
		DFC22C5E2BD268FF00B2AD68 /* Preview Content */ = {
			isa = PBXGroup;
			children = (
				DFC22C5F2BD268FF00B2AD68 /* Preview Assets.xcassets */,
			);
			path = "Preview Content";
			sourceTree = "<group>";
		};
		DFC22C682BD268FF00B2AD68 /* Doctor_HMSTests */ = {
			isa = PBXGroup;
			children = (
				DFC22C692BD268FF00B2AD68 /* Doctor_HMSTests.swift */,
			);
			path = Doctor_HMSTests;
			sourceTree = "<group>";
		};
		DFC22C722BD268FF00B2AD68 /* Doctor_HMSUITests */ = {
			isa = PBXGroup;
			children = (
				DFC22C732BD268FF00B2AD68 /* Doctor_HMSUITests.swift */,
				DFC22C752BD268FF00B2AD68 /* Doctor_HMSUITestsLaunchTests.swift */,
			);
			path = Doctor_HMSUITests;
			sourceTree = "<group>";
		};
		DFC22C872BD26A0000B2AD68 /* Frameworks */ = {
			isa = PBXGroup;
			children = (
			);
			name = Frameworks;
			sourceTree = "<group>";
		};
/* End PBXGroup section */

/* Begin PBXNativeTarget section */
		DFC22C532BD268FE00B2AD68 /* Doctor_HMS */ = {
			isa = PBXNativeTarget;
			buildConfigurationList = DFC22C792BD268FF00B2AD68 /* Build configuration list for PBXNativeTarget "Doctor_HMS" */;
			buildPhases = (
				DFC22C502BD268FE00B2AD68 /* Sources */,
				DFC22C512BD268FE00B2AD68 /* Frameworks */,
				DFC22C522BD268FE00B2AD68 /* Resources */,
			);
			buildRules = (
			);
			dependencies = (
			);
			name = Doctor_HMS;
			packageProductDependencies = (
				DFC22C882BD26A0000B2AD68 /* FirebaseAnalyticsSwift */,
				DFC22C8A2BD26A0000B2AD68 /* FirebaseAuth */,
				DFC22C8C2BD26A0000B2AD68 /* FirebaseDatabase */,
				DFC22C8E2BD26A0000B2AD68 /* FirebaseDatabaseSwift */,
				DFC22C902BD26A0000B2AD68 /* FirebaseFirestore */,
				DFC22C922BD26A0000B2AD68 /* FirebaseFirestoreSwift */,
				DFC22C942BD26A0000B2AD68 /* FirebaseMessaging */,
				DFC22C962BD26A0000B2AD68 /* FirebaseStorage */,
				48D525112BD90D9B00E22746 /* FirebaseFunctions */,
			);
			productName = Doctor_HMS;
			productReference = DFC22C542BD268FE00B2AD68 /* Doctor_HMS.app */;
			productType = "com.apple.product-type.application";
		};
		DFC22C642BD268FF00B2AD68 /* Doctor_HMSTests */ = {
			isa = PBXNativeTarget;
			buildConfigurationList = DFC22C7C2BD268FF00B2AD68 /* Build configuration list for PBXNativeTarget "Doctor_HMSTests" */;
			buildPhases = (
				DFC22C612BD268FF00B2AD68 /* Sources */,
				DFC22C622BD268FF00B2AD68 /* Frameworks */,
				DFC22C632BD268FF00B2AD68 /* Resources */,
			);
			buildRules = (
			);
			dependencies = (
				DFC22C672BD268FF00B2AD68 /* PBXTargetDependency */,
			);
			name = Doctor_HMSTests;
			productName = Doctor_HMSTests;
			productReference = DFC22C652BD268FF00B2AD68 /* Doctor_HMSTests.xctest */;
			productType = "com.apple.product-type.bundle.unit-test";
		};
		DFC22C6E2BD268FF00B2AD68 /* Doctor_HMSUITests */ = {
			isa = PBXNativeTarget;
			buildConfigurationList = DFC22C7F2BD268FF00B2AD68 /* Build configuration list for PBXNativeTarget "Doctor_HMSUITests" */;
			buildPhases = (
				DFC22C6B2BD268FF00B2AD68 /* Sources */,
				DFC22C6C2BD268FF00B2AD68 /* Frameworks */,
				DFC22C6D2BD268FF00B2AD68 /* Resources */,
			);
			buildRules = (
			);
			dependencies = (
				DFC22C712BD268FF00B2AD68 /* PBXTargetDependency */,
			);
			name = Doctor_HMSUITests;
			productName = Doctor_HMSUITests;
			productReference = DFC22C6F2BD268FF00B2AD68 /* Doctor_HMSUITests.xctest */;
			productType = "com.apple.product-type.bundle.ui-testing";
		};
/* End PBXNativeTarget section */

/* Begin PBXProject section */
		DFC22C4C2BD268FE00B2AD68 /* Project object */ = {
			isa = PBXProject;
			attributes = {
				BuildIndependentTargetsInParallel = 1;
				LastSwiftUpdateCheck = 1530;
				LastUpgradeCheck = 1530;
				TargetAttributes = {
					DFC22C532BD268FE00B2AD68 = {
						CreatedOnToolsVersion = 15.3;
					};
					DFC22C642BD268FF00B2AD68 = {
						CreatedOnToolsVersion = 15.3;
						TestTargetID = DFC22C532BD268FE00B2AD68;
					};
					DFC22C6E2BD268FF00B2AD68 = {
						CreatedOnToolsVersion = 15.3;
						TestTargetID = DFC22C532BD268FE00B2AD68;
					};
				};
			};
			buildConfigurationList = DFC22C4F2BD268FE00B2AD68 /* Build configuration list for PBXProject "Doctor_HMS" */;
			compatibilityVersion = "Xcode 14.0";
			developmentRegion = en;
			hasScannedForEncodings = 0;
			knownRegions = (
				en,
				Base,
			);
			mainGroup = DFC22C4B2BD268FE00B2AD68;
			packageReferences = (
				DFC22C862BD269D200B2AD68 /* XCRemoteSwiftPackageReference "firebase-ios-sdk" */,
			);
			productRefGroup = DFC22C552BD268FE00B2AD68 /* Products */;
			projectDirPath = "";
			projectRoot = "";
			targets = (
				DFC22C532BD268FE00B2AD68 /* Doctor_HMS */,
				DFC22C642BD268FF00B2AD68 /* Doctor_HMSTests */,
				DFC22C6E2BD268FF00B2AD68 /* Doctor_HMSUITests */,
			);
		};
/* End PBXProject section */

/* Begin PBXResourcesBuildPhase section */
		DFC22C522BD268FE00B2AD68 /* Resources */ = {
			isa = PBXResourcesBuildPhase;
			buildActionMask = 2147483647;
			files = (
				DFC22C602BD268FF00B2AD68 /* Preview Assets.xcassets in Resources */,
				DFC22C5C2BD268FF00B2AD68 /* Assets.xcassets in Resources */,
				DFC22C852BD2698F00B2AD68 /* GoogleService-Info.plist in Resources */,
			);
			runOnlyForDeploymentPostprocessing = 0;
		};
		DFC22C632BD268FF00B2AD68 /* Resources */ = {
			isa = PBXResourcesBuildPhase;
			buildActionMask = 2147483647;
			files = (
			);
			runOnlyForDeploymentPostprocessing = 0;
		};
		DFC22C6D2BD268FF00B2AD68 /* Resources */ = {
			isa = PBXResourcesBuildPhase;
			buildActionMask = 2147483647;
			files = (
			);
			runOnlyForDeploymentPostprocessing = 0;
		};
/* End PBXResourcesBuildPhase section */

/* Begin PBXSourcesBuildPhase section */
		DFC22C502BD268FE00B2AD68 /* Sources */ = {
			isa = PBXSourcesBuildPhase;
			buildActionMask = 2147483647;
			files = (
				4762BFC22BE8A1B600845B96 /* Prescription_Viewmodel.swift in Sources */,
				4890D42C2BE0D99000EF8750 /* newPassword.swift in Sources */,
				137721442BE72B5100857F25 /* PatientInfoView.swift in Sources */,
				DFC22C5A2BD268FE00B2AD68 /* ContentView.swift in Sources */,
				139D722D2BE3A18700300EEA /* dateModel.swift in Sources */,
				DF6B2EBD2BD58E2A00FAD930 /* appFonts.swift in Sources */,
				48806FFC2BE4B760006CF917 /* appointView.swift in Sources */,
				4890D42E2BE0D99E00EF8750 /* doctorDetails.swift in Sources */,
				DF6B2EB62BD58D3C00FAD930 /* UserDetails.swift in Sources */,
				139D72312BE407F500300EEA /* PatientDetailsView.swift in Sources */,
				DF6B2ED12BD59B7700FAD930 /* ProfileInputView.swift in Sources */,
				13719FEE2BE4BBDA0059ED22 /* ManageAvailabilityView.swift in Sources */,
				DF6B2ECB2BD597E200FAD930 /* AuthViewModel.swift in Sources */,
				DF6B2ECF2BD5998300FAD930 /* loginView.swift in Sources */,
				4890D4362BE0DAD400EF8750 /* DoctorEdit.swift in Sources */,
				139D722F2BE3F39F00300EEA /* appointmentModel.swift in Sources */,
				4890D42A2BE0D96E00EF8750 /* ProfilePage.swift in Sources */,
				4762BFC02BE8A19B00845B96 /* Prescription_Model.swift in Sources */,
				4890D4302BE0DA9300EF8750 /* Doctor_Model.swift in Sources */,
				4762BFC42BE8A1FD00845B96 /* Presc_Input.swift in Sources */,
				4890D4342BE0DAC500EF8750 /* DoctorViewModel.swift in Sources */,
				DF6B2ECD2BD5996200FAD930 /* signUpView.swift in Sources */,
				DF6B2EC92BD597B300FAD930 /* Homepage.swift in Sources */,
				DFC22C582BD268FE00B2AD68 /* Doctor_HMSApp.swift in Sources */,
				48EB950D2BE8BF060076DFE4 /* DoctorListView.swift in Sources */,
				4762BFEA2BEA37C100845B96 /* AnnouncementView.swift in Sources */,
				4890D4322BE0DAB800EF8750 /* ImagePicker.swift in Sources */,
				4890D4272BE0D91500EF8750 /* HomepageComplete.swift in Sources */,
				48EB950A2BE889A50076DFE4 /* PatientDetails.swift in Sources */,
				DF6B2EB22BD58D0500FAD930 /* User.swift in Sources */,
			);
			runOnlyForDeploymentPostprocessing = 0;
		};
		DFC22C612BD268FF00B2AD68 /* Sources */ = {
			isa = PBXSourcesBuildPhase;
			buildActionMask = 2147483647;
			files = (
				DFC22C6A2BD268FF00B2AD68 /* Doctor_HMSTests.swift in Sources */,
			);
			runOnlyForDeploymentPostprocessing = 0;
		};
		DFC22C6B2BD268FF00B2AD68 /* Sources */ = {
			isa = PBXSourcesBuildPhase;
			buildActionMask = 2147483647;
			files = (
				DFC22C762BD268FF00B2AD68 /* Doctor_HMSUITestsLaunchTests.swift in Sources */,
				DFC22C742BD268FF00B2AD68 /* Doctor_HMSUITests.swift in Sources */,
			);
			runOnlyForDeploymentPostprocessing = 0;
		};
/* End PBXSourcesBuildPhase section */

/* Begin PBXTargetDependency section */
		DFC22C672BD268FF00B2AD68 /* PBXTargetDependency */ = {
			isa = PBXTargetDependency;
			target = DFC22C532BD268FE00B2AD68 /* Doctor_HMS */;
			targetProxy = DFC22C662BD268FF00B2AD68 /* PBXContainerItemProxy */;
		};
		DFC22C712BD268FF00B2AD68 /* PBXTargetDependency */ = {
			isa = PBXTargetDependency;
			target = DFC22C532BD268FE00B2AD68 /* Doctor_HMS */;
			targetProxy = DFC22C702BD268FF00B2AD68 /* PBXContainerItemProxy */;
		};
/* End PBXTargetDependency section */

/* Begin XCBuildConfiguration section */
		DFC22C772BD268FF00B2AD68 /* Debug */ = {
			isa = XCBuildConfiguration;
			buildSettings = {
				ALWAYS_SEARCH_USER_PATHS = NO;
				ASSETCATALOG_COMPILER_GENERATE_SWIFT_ASSET_SYMBOL_EXTENSIONS = YES;
				CLANG_ANALYZER_NONNULL = YES;
				CLANG_ANALYZER_NUMBER_OBJECT_CONVERSION = YES_AGGRESSIVE;
				CLANG_CXX_LANGUAGE_STANDARD = "gnu++20";
				CLANG_ENABLE_MODULES = YES;
				CLANG_ENABLE_OBJC_ARC = YES;
				CLANG_ENABLE_OBJC_WEAK = YES;
				CLANG_WARN_BLOCK_CAPTURE_AUTORELEASING = YES;
				CLANG_WARN_BOOL_CONVERSION = YES;
				CLANG_WARN_COMMA = YES;
				CLANG_WARN_CONSTANT_CONVERSION = YES;
				CLANG_WARN_DEPRECATED_OBJC_IMPLEMENTATIONS = YES;
				CLANG_WARN_DIRECT_OBJC_ISA_USAGE = YES_ERROR;
				CLANG_WARN_DOCUMENTATION_COMMENTS = YES;
				CLANG_WARN_EMPTY_BODY = YES;
				CLANG_WARN_ENUM_CONVERSION = YES;
				CLANG_WARN_INFINITE_RECURSION = YES;
				CLANG_WARN_INT_CONVERSION = YES;
				CLANG_WARN_NON_LITERAL_NULL_CONVERSION = YES;
				CLANG_WARN_OBJC_IMPLICIT_RETAIN_SELF = YES;
				CLANG_WARN_OBJC_LITERAL_CONVERSION = YES;
				CLANG_WARN_OBJC_ROOT_CLASS = YES_ERROR;
				CLANG_WARN_QUOTED_INCLUDE_IN_FRAMEWORK_HEADER = YES;
				CLANG_WARN_RANGE_LOOP_ANALYSIS = YES;
				CLANG_WARN_STRICT_PROTOTYPES = YES;
				CLANG_WARN_SUSPICIOUS_MOVE = YES;
				CLANG_WARN_UNGUARDED_AVAILABILITY = YES_AGGRESSIVE;
				CLANG_WARN_UNREACHABLE_CODE = YES;
				CLANG_WARN__DUPLICATE_METHOD_MATCH = YES;
				COPY_PHASE_STRIP = NO;
				DEBUG_INFORMATION_FORMAT = dwarf;
				ENABLE_STRICT_OBJC_MSGSEND = YES;
				ENABLE_TESTABILITY = YES;
				ENABLE_USER_SCRIPT_SANDBOXING = YES;
				GCC_C_LANGUAGE_STANDARD = gnu17;
				GCC_DYNAMIC_NO_PIC = NO;
				GCC_NO_COMMON_BLOCKS = YES;
				GCC_OPTIMIZATION_LEVEL = 0;
				GCC_PREPROCESSOR_DEFINITIONS = (
					"DEBUG=1",
					"$(inherited)",
				);
				GCC_WARN_64_TO_32_BIT_CONVERSION = YES;
				GCC_WARN_ABOUT_RETURN_TYPE = YES_ERROR;
				GCC_WARN_UNDECLARED_SELECTOR = YES;
				GCC_WARN_UNINITIALIZED_AUTOS = YES_AGGRESSIVE;
				GCC_WARN_UNUSED_FUNCTION = YES;
				GCC_WARN_UNUSED_VARIABLE = YES;
				LOCALIZATION_PREFERS_STRING_CATALOGS = YES;
				MTL_ENABLE_DEBUG_INFO = INCLUDE_SOURCE;
				MTL_FAST_MATH = YES;
				ONLY_ACTIVE_ARCH = YES;
				SWIFT_ACTIVE_COMPILATION_CONDITIONS = "DEBUG $(inherited)";
				SWIFT_OPTIMIZATION_LEVEL = "-Onone";
			};
			name = Debug;
		};
		DFC22C782BD268FF00B2AD68 /* Release */ = {
			isa = XCBuildConfiguration;
			buildSettings = {
				ALWAYS_SEARCH_USER_PATHS = NO;
				ASSETCATALOG_COMPILER_GENERATE_SWIFT_ASSET_SYMBOL_EXTENSIONS = YES;
				CLANG_ANALYZER_NONNULL = YES;
				CLANG_ANALYZER_NUMBER_OBJECT_CONVERSION = YES_AGGRESSIVE;
				CLANG_CXX_LANGUAGE_STANDARD = "gnu++20";
				CLANG_ENABLE_MODULES = YES;
				CLANG_ENABLE_OBJC_ARC = YES;
				CLANG_ENABLE_OBJC_WEAK = YES;
				CLANG_WARN_BLOCK_CAPTURE_AUTORELEASING = YES;
				CLANG_WARN_BOOL_CONVERSION = YES;
				CLANG_WARN_COMMA = YES;
				CLANG_WARN_CONSTANT_CONVERSION = YES;
				CLANG_WARN_DEPRECATED_OBJC_IMPLEMENTATIONS = YES;
				CLANG_WARN_DIRECT_OBJC_ISA_USAGE = YES_ERROR;
				CLANG_WARN_DOCUMENTATION_COMMENTS = YES;
				CLANG_WARN_EMPTY_BODY = YES;
				CLANG_WARN_ENUM_CONVERSION = YES;
				CLANG_WARN_INFINITE_RECURSION = YES;
				CLANG_WARN_INT_CONVERSION = YES;
				CLANG_WARN_NON_LITERAL_NULL_CONVERSION = YES;
				CLANG_WARN_OBJC_IMPLICIT_RETAIN_SELF = YES;
				CLANG_WARN_OBJC_LITERAL_CONVERSION = YES;
				CLANG_WARN_OBJC_ROOT_CLASS = YES_ERROR;
				CLANG_WARN_QUOTED_INCLUDE_IN_FRAMEWORK_HEADER = YES;
				CLANG_WARN_RANGE_LOOP_ANALYSIS = YES;
				CLANG_WARN_STRICT_PROTOTYPES = YES;
				CLANG_WARN_SUSPICIOUS_MOVE = YES;
				CLANG_WARN_UNGUARDED_AVAILABILITY = YES_AGGRESSIVE;
				CLANG_WARN_UNREACHABLE_CODE = YES;
				CLANG_WARN__DUPLICATE_METHOD_MATCH = YES;
				COPY_PHASE_STRIP = NO;
				DEBUG_INFORMATION_FORMAT = "dwarf-with-dsym";
				ENABLE_NS_ASSERTIONS = NO;
				ENABLE_STRICT_OBJC_MSGSEND = YES;
				ENABLE_USER_SCRIPT_SANDBOXING = YES;
				GCC_C_LANGUAGE_STANDARD = gnu17;
				GCC_NO_COMMON_BLOCKS = YES;
				GCC_WARN_64_TO_32_BIT_CONVERSION = YES;
				GCC_WARN_ABOUT_RETURN_TYPE = YES_ERROR;
				GCC_WARN_UNDECLARED_SELECTOR = YES;
				GCC_WARN_UNINITIALIZED_AUTOS = YES_AGGRESSIVE;
				GCC_WARN_UNUSED_FUNCTION = YES;
				GCC_WARN_UNUSED_VARIABLE = YES;
				LOCALIZATION_PREFERS_STRING_CATALOGS = YES;
				MTL_ENABLE_DEBUG_INFO = NO;
				MTL_FAST_MATH = YES;
				SWIFT_COMPILATION_MODE = wholemodule;
			};
			name = Release;
		};
		DFC22C7A2BD268FF00B2AD68 /* Debug */ = {
			isa = XCBuildConfiguration;
			buildSettings = {
				ASSETCATALOG_COMPILER_APPICON_NAME = AppIcon;
				ASSETCATALOG_COMPILER_GLOBAL_ACCENT_COLOR_NAME = AccentColor;
				CODE_SIGN_ENTITLEMENTS = Doctor_HMS/Doctor_HMS.entitlements;
				CODE_SIGN_STYLE = Automatic;
				CURRENT_PROJECT_VERSION = 1;
				DEVELOPMENT_ASSET_PATHS = "\"Doctor_HMS/Preview Content\"";
				ENABLE_PREVIEWS = YES;
				GENERATE_INFOPLIST_FILE = YES;
				"INFOPLIST_KEY_UIApplicationSceneManifest_Generation[sdk=iphoneos*]" = YES;
				"INFOPLIST_KEY_UIApplicationSceneManifest_Generation[sdk=iphonesimulator*]" = YES;
				"INFOPLIST_KEY_UIApplicationSupportsIndirectInputEvents[sdk=iphoneos*]" = YES;
				"INFOPLIST_KEY_UIApplicationSupportsIndirectInputEvents[sdk=iphonesimulator*]" = YES;
				"INFOPLIST_KEY_UILaunchScreen_Generation[sdk=iphoneos*]" = YES;
				"INFOPLIST_KEY_UILaunchScreen_Generation[sdk=iphonesimulator*]" = YES;
				"INFOPLIST_KEY_UIStatusBarStyle[sdk=iphoneos*]" = UIStatusBarStyleDefault;
				"INFOPLIST_KEY_UIStatusBarStyle[sdk=iphonesimulator*]" = UIStatusBarStyleDefault;
				INFOPLIST_KEY_UISupportedInterfaceOrientations_iPad = "UIInterfaceOrientationPortrait UIInterfaceOrientationPortraitUpsideDown UIInterfaceOrientationLandscapeLeft UIInterfaceOrientationLandscapeRight";
				INFOPLIST_KEY_UISupportedInterfaceOrientations_iPhone = "UIInterfaceOrientationPortrait UIInterfaceOrientationLandscapeLeft UIInterfaceOrientationLandscapeRight";
				IPHONEOS_DEPLOYMENT_TARGET = 17.4;
				LD_RUNPATH_SEARCH_PATHS = "@executable_path/Frameworks";
				"LD_RUNPATH_SEARCH_PATHS[sdk=macosx*]" = "@executable_path/../Frameworks";
				MACOSX_DEPLOYMENT_TARGET = 14.4;
				MARKETING_VERSION = 1.0;
				PRODUCT_BUNDLE_IDENTIFIER = "an6189-srmist.edu.in.Doctor-HMS";
				PRODUCT_NAME = "$(TARGET_NAME)";
				SDKROOT = auto;
				SUPPORTED_PLATFORMS = "iphoneos iphonesimulator macosx";
				SWIFT_EMIT_LOC_STRINGS = YES;
				SWIFT_VERSION = 5.0;
				TARGETED_DEVICE_FAMILY = "1,2";
			};
			name = Debug;
		};
		DFC22C7B2BD268FF00B2AD68 /* Release */ = {
			isa = XCBuildConfiguration;
			buildSettings = {
				ASSETCATALOG_COMPILER_APPICON_NAME = AppIcon;
				ASSETCATALOG_COMPILER_GLOBAL_ACCENT_COLOR_NAME = AccentColor;
				CODE_SIGN_ENTITLEMENTS = Doctor_HMS/Doctor_HMS.entitlements;
				CODE_SIGN_STYLE = Automatic;
				CURRENT_PROJECT_VERSION = 1;
				DEVELOPMENT_ASSET_PATHS = "\"Doctor_HMS/Preview Content\"";
				ENABLE_PREVIEWS = YES;
				GENERATE_INFOPLIST_FILE = YES;
				"INFOPLIST_KEY_UIApplicationSceneManifest_Generation[sdk=iphoneos*]" = YES;
				"INFOPLIST_KEY_UIApplicationSceneManifest_Generation[sdk=iphonesimulator*]" = YES;
				"INFOPLIST_KEY_UIApplicationSupportsIndirectInputEvents[sdk=iphoneos*]" = YES;
				"INFOPLIST_KEY_UIApplicationSupportsIndirectInputEvents[sdk=iphonesimulator*]" = YES;
				"INFOPLIST_KEY_UILaunchScreen_Generation[sdk=iphoneos*]" = YES;
				"INFOPLIST_KEY_UILaunchScreen_Generation[sdk=iphonesimulator*]" = YES;
				"INFOPLIST_KEY_UIStatusBarStyle[sdk=iphoneos*]" = UIStatusBarStyleDefault;
				"INFOPLIST_KEY_UIStatusBarStyle[sdk=iphonesimulator*]" = UIStatusBarStyleDefault;
				INFOPLIST_KEY_UISupportedInterfaceOrientations_iPad = "UIInterfaceOrientationPortrait UIInterfaceOrientationPortraitUpsideDown UIInterfaceOrientationLandscapeLeft UIInterfaceOrientationLandscapeRight";
				INFOPLIST_KEY_UISupportedInterfaceOrientations_iPhone = "UIInterfaceOrientationPortrait UIInterfaceOrientationLandscapeLeft UIInterfaceOrientationLandscapeRight";
				IPHONEOS_DEPLOYMENT_TARGET = 17.4;
				LD_RUNPATH_SEARCH_PATHS = "@executable_path/Frameworks";
				"LD_RUNPATH_SEARCH_PATHS[sdk=macosx*]" = "@executable_path/../Frameworks";
				MACOSX_DEPLOYMENT_TARGET = 14.4;
				MARKETING_VERSION = 1.0;
				PRODUCT_BUNDLE_IDENTIFIER = "an6189-srmist.edu.in.Doctor-HMS";
				PRODUCT_NAME = "$(TARGET_NAME)";
				SDKROOT = auto;
				SUPPORTED_PLATFORMS = "iphoneos iphonesimulator macosx";
				SWIFT_EMIT_LOC_STRINGS = YES;
				SWIFT_VERSION = 5.0;
				TARGETED_DEVICE_FAMILY = "1,2";
			};
			name = Release;
		};
		DFC22C7D2BD268FF00B2AD68 /* Debug */ = {
			isa = XCBuildConfiguration;
			buildSettings = {
				ALWAYS_EMBED_SWIFT_STANDARD_LIBRARIES = YES;
				BUNDLE_LOADER = "$(TEST_HOST)";
				CODE_SIGN_STYLE = Automatic;
				CURRENT_PROJECT_VERSION = 1;
				GENERATE_INFOPLIST_FILE = YES;
				IPHONEOS_DEPLOYMENT_TARGET = 17.4;
				MACOSX_DEPLOYMENT_TARGET = 14.4;
				MARKETING_VERSION = 1.0;
				PRODUCT_BUNDLE_IDENTIFIER = "an6189-srmist.edu.in.Doctor-HMSTests";
				PRODUCT_NAME = "$(TARGET_NAME)";
				SDKROOT = auto;
				SUPPORTED_PLATFORMS = "iphoneos iphonesimulator macosx";
				SWIFT_EMIT_LOC_STRINGS = NO;
				SWIFT_VERSION = 5.0;
				TARGETED_DEVICE_FAMILY = "1,2";
				TEST_HOST = "$(BUILT_PRODUCTS_DIR)/Doctor_HMS.app/$(BUNDLE_EXECUTABLE_FOLDER_PATH)/Doctor_HMS";
			};
			name = Debug;
		};
		DFC22C7E2BD268FF00B2AD68 /* Release */ = {
			isa = XCBuildConfiguration;
			buildSettings = {
				ALWAYS_EMBED_SWIFT_STANDARD_LIBRARIES = YES;
				BUNDLE_LOADER = "$(TEST_HOST)";
				CODE_SIGN_STYLE = Automatic;
				CURRENT_PROJECT_VERSION = 1;
				GENERATE_INFOPLIST_FILE = YES;
				IPHONEOS_DEPLOYMENT_TARGET = 17.4;
				MACOSX_DEPLOYMENT_TARGET = 14.4;
				MARKETING_VERSION = 1.0;
				PRODUCT_BUNDLE_IDENTIFIER = "an6189-srmist.edu.in.Doctor-HMSTests";
				PRODUCT_NAME = "$(TARGET_NAME)";
				SDKROOT = auto;
				SUPPORTED_PLATFORMS = "iphoneos iphonesimulator macosx";
				SWIFT_EMIT_LOC_STRINGS = NO;
				SWIFT_VERSION = 5.0;
				TARGETED_DEVICE_FAMILY = "1,2";
				TEST_HOST = "$(BUILT_PRODUCTS_DIR)/Doctor_HMS.app/$(BUNDLE_EXECUTABLE_FOLDER_PATH)/Doctor_HMS";
			};
			name = Release;
		};
		DFC22C802BD268FF00B2AD68 /* Debug */ = {
			isa = XCBuildConfiguration;
			buildSettings = {
				ALWAYS_EMBED_SWIFT_STANDARD_LIBRARIES = YES;
				CODE_SIGN_STYLE = Automatic;
				CURRENT_PROJECT_VERSION = 1;
				GENERATE_INFOPLIST_FILE = YES;
				IPHONEOS_DEPLOYMENT_TARGET = 17.4;
				MACOSX_DEPLOYMENT_TARGET = 14.4;
				MARKETING_VERSION = 1.0;
				PRODUCT_BUNDLE_IDENTIFIER = "an6189-srmist.edu.in.Doctor-HMSUITests";
				PRODUCT_NAME = "$(TARGET_NAME)";
				SDKROOT = auto;
				SUPPORTED_PLATFORMS = "iphoneos iphonesimulator macosx";
				SWIFT_EMIT_LOC_STRINGS = NO;
				SWIFT_VERSION = 5.0;
				TARGETED_DEVICE_FAMILY = "1,2";
				TEST_TARGET_NAME = Doctor_HMS;
			};
			name = Debug;
		};
		DFC22C812BD268FF00B2AD68 /* Release */ = {
			isa = XCBuildConfiguration;
			buildSettings = {
				ALWAYS_EMBED_SWIFT_STANDARD_LIBRARIES = YES;
				CODE_SIGN_STYLE = Automatic;
				CURRENT_PROJECT_VERSION = 1;
				GENERATE_INFOPLIST_FILE = YES;
				IPHONEOS_DEPLOYMENT_TARGET = 17.4;
				MACOSX_DEPLOYMENT_TARGET = 14.4;
				MARKETING_VERSION = 1.0;
				PRODUCT_BUNDLE_IDENTIFIER = "an6189-srmist.edu.in.Doctor-HMSUITests";
				PRODUCT_NAME = "$(TARGET_NAME)";
				SDKROOT = auto;
				SUPPORTED_PLATFORMS = "iphoneos iphonesimulator macosx";
				SWIFT_EMIT_LOC_STRINGS = NO;
				SWIFT_VERSION = 5.0;
				TARGETED_DEVICE_FAMILY = "1,2";
				TEST_TARGET_NAME = Doctor_HMS;
			};
			name = Release;
		};
/* End XCBuildConfiguration section */

/* Begin XCConfigurationList section */
		DFC22C4F2BD268FE00B2AD68 /* Build configuration list for PBXProject "Doctor_HMS" */ = {
			isa = XCConfigurationList;
			buildConfigurations = (
				DFC22C772BD268FF00B2AD68 /* Debug */,
				DFC22C782BD268FF00B2AD68 /* Release */,
			);
			defaultConfigurationIsVisible = 0;
			defaultConfigurationName = Release;
		};
		DFC22C792BD268FF00B2AD68 /* Build configuration list for PBXNativeTarget "Doctor_HMS" */ = {
			isa = XCConfigurationList;
			buildConfigurations = (
				DFC22C7A2BD268FF00B2AD68 /* Debug */,
				DFC22C7B2BD268FF00B2AD68 /* Release */,
			);
			defaultConfigurationIsVisible = 0;
			defaultConfigurationName = Release;
		};
		DFC22C7C2BD268FF00B2AD68 /* Build configuration list for PBXNativeTarget "Doctor_HMSTests" */ = {
			isa = XCConfigurationList;
			buildConfigurations = (
				DFC22C7D2BD268FF00B2AD68 /* Debug */,
				DFC22C7E2BD268FF00B2AD68 /* Release */,
			);
			defaultConfigurationIsVisible = 0;
			defaultConfigurationName = Release;
		};
		DFC22C7F2BD268FF00B2AD68 /* Build configuration list for PBXNativeTarget "Doctor_HMSUITests" */ = {
			isa = XCConfigurationList;
			buildConfigurations = (
				DFC22C802BD268FF00B2AD68 /* Debug */,
				DFC22C812BD268FF00B2AD68 /* Release */,
			);
			defaultConfigurationIsVisible = 0;
			defaultConfigurationName = Release;
		};
/* End XCConfigurationList section */

/* Begin XCRemoteSwiftPackageReference section */
		DFC22C862BD269D200B2AD68 /* XCRemoteSwiftPackageReference "firebase-ios-sdk" */ = {
			isa = XCRemoteSwiftPackageReference;
			repositoryURL = "https://github.com/firebase/firebase-ios-sdk";
			requirement = {
				kind = upToNextMajorVersion;
				minimumVersion = 10.24.0;
			};
		};
/* End XCRemoteSwiftPackageReference section */

/* Begin XCSwiftPackageProductDependency section */
		48D525112BD90D9B00E22746 /* FirebaseFunctions */ = {
			isa = XCSwiftPackageProductDependency;
			package = DFC22C862BD269D200B2AD68 /* XCRemoteSwiftPackageReference "firebase-ios-sdk" */;
			productName = FirebaseFunctions;
		};
		DFC22C882BD26A0000B2AD68 /* FirebaseAnalyticsSwift */ = {
			isa = XCSwiftPackageProductDependency;
			package = DFC22C862BD269D200B2AD68 /* XCRemoteSwiftPackageReference "firebase-ios-sdk" */;
			productName = FirebaseAnalyticsSwift;
		};
		DFC22C8A2BD26A0000B2AD68 /* FirebaseAuth */ = {
			isa = XCSwiftPackageProductDependency;
			package = DFC22C862BD269D200B2AD68 /* XCRemoteSwiftPackageReference "firebase-ios-sdk" */;
			productName = FirebaseAuth;
		};
		DFC22C8C2BD26A0000B2AD68 /* FirebaseDatabase */ = {
			isa = XCSwiftPackageProductDependency;
			package = DFC22C862BD269D200B2AD68 /* XCRemoteSwiftPackageReference "firebase-ios-sdk" */;
			productName = FirebaseDatabase;
		};
		DFC22C8E2BD26A0000B2AD68 /* FirebaseDatabaseSwift */ = {
			isa = XCSwiftPackageProductDependency;
			package = DFC22C862BD269D200B2AD68 /* XCRemoteSwiftPackageReference "firebase-ios-sdk" */;
			productName = FirebaseDatabaseSwift;
		};
		DFC22C902BD26A0000B2AD68 /* FirebaseFirestore */ = {
			isa = XCSwiftPackageProductDependency;
			package = DFC22C862BD269D200B2AD68 /* XCRemoteSwiftPackageReference "firebase-ios-sdk" */;
			productName = FirebaseFirestore;
		};
		DFC22C922BD26A0000B2AD68 /* FirebaseFirestoreSwift */ = {
			isa = XCSwiftPackageProductDependency;
			package = DFC22C862BD269D200B2AD68 /* XCRemoteSwiftPackageReference "firebase-ios-sdk" */;
			productName = FirebaseFirestoreSwift;
		};
		DFC22C942BD26A0000B2AD68 /* FirebaseMessaging */ = {
			isa = XCSwiftPackageProductDependency;
			package = DFC22C862BD269D200B2AD68 /* XCRemoteSwiftPackageReference "firebase-ios-sdk" */;
			productName = FirebaseMessaging;
		};
		DFC22C962BD26A0000B2AD68 /* FirebaseStorage */ = {
			isa = XCSwiftPackageProductDependency;
			package = DFC22C862BD269D200B2AD68 /* XCRemoteSwiftPackageReference "firebase-ios-sdk" */;
			productName = FirebaseStorage;
		};
/* End XCSwiftPackageProductDependency section */
	};
	rootObject = DFC22C4C2BD268FE00B2AD68 /* Project object */;
}
